
Microsoft Visual Studio Solution File, Format Version 12.00
# Visual Studio Version 16
VisualStudioVersion = 16.0.31515.178
MinimumVisualStudioVersion = 10.0.40219.1
Project("{FAE04EC0-301F-11D3-BF4B-00C04F79EFBC}") = "DemoAPI", "DemoAPI.csproj", "{DAF99192-1098-4887-AA67-64F418EF71D1}"
EndProject
Global
	GlobalSection(SolutionConfigurationPlatforms) = preSolution
		Debug|Any CPU = Debug|Any CPU
		Release|Any CPU = Release|Any CPU
	EndGlobalSection
	GlobalSection(ProjectConfigurationPlatforms) = postSolution
		{DAF99192-1098-4887-AA67-64F418EF71D1}.Debug|Any CPU.ActiveCfg = Debug|Any CPU
		{DAF99192-1098-4887-AA67-64F418EF71D1}.Debug|Any CPU.Build.0 = Debug|Any CPU
		{DAF99192-1098-4887-AA67-64F418EF71D1}.Release|Any CPU.ActiveCfg = Release|Any CPU
		{DAF99192-1098-4887-AA67-64F418EF71D1}.Release|Any CPU.Build.0 = Release|Any CPU
	EndGlobalSection
	GlobalSection(SolutionProperties) = preSolution
		HideSolutionNode = FALSE
	EndGlobalSection
	GlobalSection(ExtensibilityGlobals) = postSolution
		SolutionGuid = {787C0F64-C1A9-4BAC-912C-41A6F46B0326}
	EndGlobalSection
EndGlobal
